
Microsoft Visual Studio Solution File, Format Version 12.00
# Visual Studio 2013
VisualStudioVersion = 12.0.21005.1
MinimumVisualStudioVersion = 10.0.40219.1
Project("{FAE04EC0-301F-11D3-BF4B-00C04F79EFBC}") = "ModelValidator", "ModelValidator\ModelValidator.csproj", "{135256C4-E901-4829-8CB1-0BC167414220}"
EndProject
Project("{FAE04EC0-301F-11D3-BF4B-00C04F79EFBC}") = "UnitTest", "UnitTest\UnitTest.csproj", "{BEB687FD-CDBF-47A3-B485-1172AEDDF358}"
EndProject
Global
	GlobalSection(SolutionConfigurationPlatforms) = preSolution
		Debug|Any CPU = Debug|Any CPU
		Release|Any CPU = Release|Any CPU
	EndGlobalSection
	GlobalSection(ProjectConfigurationPlatforms) = postSolution
		{135256C4-E901-4829-8CB1-0BC167414220}.Debug|Any CPU.ActiveCfg = Debug|Any CPU
		{135256C4-E901-4829-8CB1-0BC167414220}.Debug|Any CPU.Build.0 = Debug|Any CPU
		{135256C4-E901-4829-8CB1-0BC167414220}.Release|Any CPU.ActiveCfg = Release|Any CPU
		{135256C4-E901-4829-8CB1-0BC167414220}.Release|Any CPU.Build.0 = Release|Any CPU
		{BEB687FD-CDBF-47A3-B485-1172AEDDF358}.Debug|Any CPU.ActiveCfg = Debug|Any CPU
		{BEB687FD-CDBF-47A3-B485-1172AEDDF358}.Debug|Any CPU.Build.0 = Debug|Any CPU
		{BEB687FD-CDBF-47A3-B485-1172AEDDF358}.Release|Any CPU.ActiveCfg = Release|Any CPU
		{BEB687FD-CDBF-47A3-B485-1172AEDDF358}.Release|Any CPU.Build.0 = Release|Any CPU
	EndGlobalSection
	GlobalSection(SolutionProperties) = preSolution
		HideSolutionNode = FALSE
	EndGlobalSection
EndGlobal
